
Microsoft Visual Studio Solution File, Format Version 12.00
# Visual Studio Version 16
VisualStudioVersion = 16.0.30804.86
MinimumVisualStudioVersion = 10.0.40219.1
Project("{FAE04EC0-301F-11D3-BF4B-00C04F79EFBC}") = "CityInfo", "CityInfo.csproj", "{EBB1605A-58F6-4C68-ABA6-A05F39683A40}"
EndProject
Global
	GlobalSection(SolutionConfigurationPlatforms) = preSolution
		Debug|Any CPU = Debug|Any CPU
		Release|Any CPU = Release|Any CPU
	EndGlobalSection
	GlobalSection(ProjectConfigurationPlatforms) = postSolution
		{EBB1605A-58F6-4C68-ABA6-A05F39683A40}.Debug|Any CPU.ActiveCfg = Debug|Any CPU
		{EBB1605A-58F6-4C68-ABA6-A05F39683A40}.Debug|Any CPU.Build.0 = Debug|Any CPU
		{EBB1605A-58F6-4C68-ABA6-A05F39683A40}.Release|Any CPU.ActiveCfg = Release|Any CPU
		{EBB1605A-58F6-4C68-ABA6-A05F39683A40}.Release|Any CPU.Build.0 = Release|Any CPU
	EndGlobalSection
	GlobalSection(SolutionProperties) = preSolution
		HideSolutionNode = FALSE
	EndGlobalSection
	GlobalSection(ExtensibilityGlobals) = postSolution
		SolutionGuid = {FFA110AD-3D08-43AC-988C-58497AFBA717}
	EndGlobalSection
EndGlobal
